{
  "name": "practice",
  "version": "1.0.0",
  "lockfileVersion": 3,
  "requires": true,
  "packages": {
    "": {
      "name": "practice",
      "version": "1.0.0",
      "license": "ISC",
      "dependencies": {
        "openai": "^5.0.1"
      }
    },
    "node_modules/openai": {
      "version": "5.0.1",
      "resolved": "https://registry.npmjs.org/openai/-/openai-5.0.1.tgz",
      "integrity": "sha512-Do6vxhbDv7cXhji/4ct1lrpZYMAOmjYbhyA9LJTuG7OfpbWMpuS+EIXkRT7R+XxpRB1OZhU/op4FU3p3uxU6gw==",
      "bin": {
        "openai": "bin/cli"
      },
      "peerDependencies": {
        "ws": "^8.18.0",
        "zod": "^3.23.8"
      },
      "peerDependenciesMeta": {
        "ws": {
          "optional": true
        },
        "zod": {
          "optional": true
        }
      }
    }
  }
}
